// !$*UTF8*$!
{
	archiveVersion = 1;
	classes = {
	};
	objectVersion = 46;
	objects = {

/* Begin PBXBuildFile section */
		F3F17F6417BD50F200CA6DB0 /* UIKit.framework in Frameworks */ = {isa = PBXBuildFile; fileRef = F3F17F6317BD50F200CA6DB0 /* UIKit.framework */; };
		F3F17F6617BD50F200CA6DB0 /* Foundation.framework in Frameworks */ = {isa = PBXBuildFile; fileRef = F3F17F6517BD50F200CA6DB0 /* Foundation.framework */; };
		F3F17F6817BD50F200CA6DB0 /* CoreGraphics.framework in Frameworks */ = {isa = PBXBuildFile; fileRef = F3F17F6717BD50F200CA6DB0 /* CoreGraphics.framework */; };
		F3F17F6E17BD50F200CA6DB0 /* InfoPlist.strings in Resources */ = {isa = PBXBuildFile; fileRef = F3F17F6C17BD50F200CA6DB0 /* InfoPlist.strings */; };
		F3F17F7017BD50F200CA6DB0 /* main.m in Sources */ = {isa = PBXBuildFile; fileRef = F3F17F6F17BD50F200CA6DB0 /* main.m */; };
		F3F17F7417BD50F200CA6DB0 /* aug15AppDelegate.m in Sources */ = {isa = PBXBuildFile; fileRef = F3F17F7317BD50F200CA6DB0 /* aug15AppDelegate.m */; };
		F3F17F7617BD50F200CA6DB0 /* Default.png in Resources */ = {isa = PBXBuildFile; fileRef = F3F17F7517BD50F200CA6DB0 /* Default.png */; };
		F3F17F7817BD50F200CA6DB0 /* Default@2x.png in Resources */ = {isa = PBXBuildFile; fileRef = F3F17F7717BD50F200CA6DB0 /* Default@2x.png */; };
		F3F17F7A17BD50F200CA6DB0 /* Default-568h@2x.png in Resources */ = {isa = PBXBuildFile; fileRef = F3F17F7917BD50F200CA6DB0 /* Default-568h@2x.png */; };
		F3F17F8917BD512100CA6DB0 /* Philadelphia 76ers.png in Resources */ = {isa = PBXBuildFile; fileRef = F3F17F8017BD512100CA6DB0 /* Philadelphia 76ers.png */; };
		F3F17F8A17BD512100CA6DB0 /* Broooklyn Nets.png in Resources */ = {isa = PBXBuildFile; fileRef = F3F17F8117BD512100CA6DB0 /* Broooklyn Nets.png */; };
		F3F17F8B17BD512100CA6DB0 /* Boston Celtics.png in Resources */ = {isa = PBXBuildFile; fileRef = F3F17F8217BD512100CA6DB0 /* Boston Celtics.png */; };
		F3F17F8C17BD512100CA6DB0 /* New York Knicks.png in Resources */ = {isa = PBXBuildFile; fileRef = F3F17F8317BD512100CA6DB0 /* New York Knicks.png */; };
		F3F17F8D17BD512100CA6DB0 /* Model.m in Sources */ = {isa = PBXBuildFile; fileRef = F3F17F8517BD512100CA6DB0 /* Model.m */; };
		F3F17F8E17BD512100CA6DB0 /* Toronto Raptors.png in Resources */ = {isa = PBXBuildFile; fileRef = F3F17F8617BD512100CA6DB0 /* Toronto Raptors.png */; };
		F3F17F8F17BD512100CA6DB0 /* TableViewController.m in Sources */ = {isa = PBXBuildFile; fileRef = F3F17F8817BD512100CA6DB0 /* TableViewController.m */; };
		F3F17F9117BD559900CA6DB0 /* MediaPlayer.framework in Frameworks */ = {isa = PBXBuildFile; fileRef = F3F17F9017BD559900CA6DB0 /* MediaPlayer.framework */; };
		F3F17F9917BD5FB200CA6DB0 /* icon.png in Resources */ = {isa = PBXBuildFile; fileRef = F3F17F9817BD5FB200CA6DB0 /* icon.png */; };
/* End PBXBuildFile section */

/* Begin PBXFileReference section */
		F3F17F6017BD50F200CA6DB0 /* aug15.app */ = {isa = PBXFileReference; explicitFileType = wrapper.application; includeInIndex = 0; path = aug15.app; sourceTree = BUILT_PRODUCTS_DIR; };
		F3F17F6317BD50F200CA6DB0 /* UIKit.framework */ = {isa = PBXFileReference; lastKnownFileType = wrapper.framework; name = UIKit.framework; path = System/Library/Frameworks/UIKit.framework; sourceTree = SDKROOT; };
		F3F17F6517BD50F200CA6DB0 /* Foundation.framework */ = {isa = PBXFileReference; lastKnownFileType = wrapper.framework; name = Foundation.framework; path = System/Library/Frameworks/Foundation.framework; sourceTree = SDKROOT; };
		F3F17F6717BD50F200CA6DB0 /* CoreGraphics.framework */ = {isa = PBXFileReference; lastKnownFileType = wrapper.framework; name = CoreGraphics.framework; path = System/Library/Frameworks/CoreGraphics.framework; sourceTree = SDKROOT; };
		F3F17F6B17BD50F200CA6DB0 /* aug15-Info.plist */ = {isa = PBXFileReference; lastKnownFileType = text.plist.xml; path = "aug15-Info.plist"; sourceTree = "<group>"; };
		F3F17F6D17BD50F200CA6DB0 /* en */ = {isa = PBXFileReference; lastKnownFileType = text.plist.strings; name = en; path = en.lproj/InfoPlist.strings; sourceTree = "<group>"; };
		F3F17F6F17BD50F200CA6DB0 /* main.m */ = {isa = PBXFileReference; lastKnownFileType = sourcecode.c.objc; path = main.m; sourceTree = "<group>"; };
		F3F17F7117BD50F200CA6DB0 /* aug15-Prefix.pch */ = {isa = PBXFileReference; lastKnownFileType = sourcecode.c.h; path = "aug15-Prefix.pch"; sourceTree = "<group>"; };
		F3F17F7217BD50F200CA6DB0 /* aug15AppDelegate.h */ = {isa = PBXFileReference; lastKnownFileType = sourcecode.c.h; path = aug15AppDelegate.h; sourceTree = "<group>"; };
		F3F17F7317BD50F200CA6DB0 /* aug15AppDelegate.m */ = {isa = PBXFileReference; lastKnownFileType = sourcecode.c.objc; path = aug15AppDelegate.m; sourceTree = "<group>"; };
		F3F17F7517BD50F200CA6DB0 /* Default.png */ = {isa = PBXFileReference; lastKnownFileType = image.png; path = Default.png; sourceTree = "<group>"; };
		F3F17F7717BD50F200CA6DB0 /* Default@2x.png */ = {isa = PBXFileReference; lastKnownFileType = image.png; path = "Default@2x.png"; sourceTree = "<group>"; };
		F3F17F7917BD50F200CA6DB0 /* Default-568h@2x.png */ = {isa = PBXFileReference; lastKnownFileType = image.png; path = "Default-568h@2x.png"; sourceTree = "<group>"; };
		F3F17F8017BD512100CA6DB0 /* Philadelphia 76ers.png */ = {isa = PBXFileReference; lastKnownFileType = image.png; path = "Philadelphia 76ers.png"; sourceTree = "<group>"; };
		F3F17F8117BD512100CA6DB0 /* Broooklyn Nets.png */ = {isa = PBXFileReference; lastKnownFileType = image.png; path = "Broooklyn Nets.png"; sourceTree = "<group>"; };
		F3F17F8217BD512100CA6DB0 /* Boston Celtics.png */ = {isa = PBXFileReference; lastKnownFileType = image.png; path = "Boston Celtics.png"; sourceTree = "<group>"; };
		F3F17F8317BD512100CA6DB0 /* New York Knicks.png */ = {isa = PBXFileReference; lastKnownFileType = image.png; path = "New York Knicks.png"; sourceTree = "<group>"; };
		F3F17F8417BD512100CA6DB0 /* Model.h */ = {isa = PBXFileReference; fileEncoding = 4; lastKnownFileType = sourcecode.c.h; path = Model.h; sourceTree = "<group>"; };
		F3F17F8517BD512100CA6DB0 /* Model.m */ = {isa = PBXFileReference; fileEncoding = 4; lastKnownFileType = sourcecode.c.objc; path = Model.m; sourceTree = "<group>"; };
		F3F17F8617BD512100CA6DB0 /* Toronto Raptors.png */ = {isa = PBXFileReference; lastKnownFileType = image.png; path = "Toronto Raptors.png"; sourceTree = "<group>"; };
		F3F17F8717BD512100CA6DB0 /* TableViewController.h */ = {isa = PBXFileReference; fileEncoding = 4; lastKnownFileType = sourcecode.c.h; path = TableViewController.h; sourceTree = "<group>"; };
		F3F17F8817BD512100CA6DB0 /* TableViewController.m */ = {isa = PBXFileReference; fileEncoding = 4; lastKnownFileType = sourcecode.c.objc; path = TableViewController.m; sourceTree = "<group>"; };
		F3F17F9017BD559900CA6DB0 /* MediaPlayer.framework */ = {isa = PBXFileReference; lastKnownFileType = wrapper.framework; name = MediaPlayer.framework; path = System/Library/Frameworks/MediaPlayer.framework; sourceTree = SDKROOT; };
		F3F17F9817BD5FB200CA6DB0 /* icon.png */ = {isa = PBXFileReference; lastKnownFileType = image.png; path = icon.png; sourceTree = "<group>"; };
/* End PBXFileReference section */

/* Begin PBXFrameworksBuildPhase section */
		F3F17F5D17BD50F200CA6DB0 /* Frameworks */ = {
			isa = PBXFrameworksBuildPhase;
			buildActionMask = 2147483647;
			files = (
				F3F17F9117BD559900CA6DB0 /* MediaPlayer.framework in Frameworks */,
				F3F17F6417BD50F200CA6DB0 /* UIKit.framework in Frameworks */,
				F3F17F6617BD50F200CA6DB0 /* Foundation.framework in Frameworks */,
				F3F17F6817BD50F200CA6DB0 /* CoreGraphics.framework in Frameworks */,
			);
			runOnlyForDeploymentPostprocessing = 0;
		};
/* End PBXFrameworksBuildPhase section */

/* Begin PBXGroup section */
		F3F17F5717BD50F200CA6DB0 = {
			isa = PBXGroup;
			children = (
				F3F17F6917BD50F200CA6DB0 /* aug15 */,
				F3F17F6217BD50F200CA6DB0 /* Frameworks */,
				F3F17F6117BD50F200CA6DB0 /* Products */,
			);
			sourceTree = "<group>";
		};
		F3F17F6117BD50F200CA6DB0 /* Products */ = {
			isa = PBXGroup;
			children = (
				F3F17F6017BD50F200CA6DB0 /* aug15.app */,
			);
			name = Products;
			sourceTree = "<group>";
		};
		F3F17F6217BD50F200CA6DB0 /* Frameworks */ = {
			isa = PBXGroup;
			children = (
				F3F17F9017BD559900CA6DB0 /* MediaPlayer.framework */,
				F3F17F6317BD50F200CA6DB0 /* UIKit.framework */,
				F3F17F6517BD50F200CA6DB0 /* Foundation.framework */,
				F3F17F6717BD50F200CA6DB0 /* CoreGraphics.framework */,
			);
			name = Frameworks;
			sourceTree = "<group>";
		};
		F3F17F6917BD50F200CA6DB0 /* aug15 */ = {
			isa = PBXGroup;
			children = (
				F3F17F7217BD50F200CA6DB0 /* aug15AppDelegate.h */,
				F3F17F7317BD50F200CA6DB0 /* aug15AppDelegate.m */,
				F3F17F8417BD512100CA6DB0 /* Model.h */,
				F3F17F8517BD512100CA6DB0 /* Model.m */,
				F3F17F8717BD512100CA6DB0 /* TableViewController.h */,
				F3F17F8817BD512100CA6DB0 /* TableViewController.m */,
				F3F17F6A17BD50F200CA6DB0 /* Supporting Files */,
			);
			path = aug15;
			sourceTree = "<group>";
		};
		F3F17F6A17BD50F200CA6DB0 /* Supporting Files */ = {
			isa = PBXGroup;
			children = (
				F3F17F9817BD5FB200CA6DB0 /* icon.png */,
				F3F17F8617BD512100CA6DB0 /* Toronto Raptors.png */,
				F3F17F8017BD512100CA6DB0 /* Philadelphia 76ers.png */,
				F3F17F8117BD512100CA6DB0 /* Broooklyn Nets.png */,
				F3F17F8217BD512100CA6DB0 /* Boston Celtics.png */,
				F3F17F8317BD512100CA6DB0 /* New York Knicks.png */,
				F3F17F6B17BD50F200CA6DB0 /* aug15-Info.plist */,
				F3F17F6C17BD50F200CA6DB0 /* InfoPlist.strings */,
				F3F17F6F17BD50F200CA6DB0 /* main.m */,
				F3F17F7117BD50F200CA6DB0 /* aug15-Prefix.pch */,
				F3F17F7517BD50F200CA6DB0 /* Default.png */,
				F3F17F7717BD50F200CA6DB0 /* Default@2x.png */,
				F3F17F7917BD50F200CA6DB0 /* Default-568h@2x.png */,
			);
			name = "Supporting Files";
			sourceTree = "<group>";
		};
/* End PBXGroup section */

/* Begin PBXNativeTarget section */
		F3F17F5F17BD50F200CA6DB0 /* aug15 */ = {
			isa = PBXNativeTarget;
			buildConfigurationList = F3F17F7D17BD50F200CA6DB0 /* Build configuration list for PBXNativeTarget "aug15" */;
			buildPhases = (
				F3F17F5C17BD50F200CA6DB0 /* Sources */,
				F3F17F5D17BD50F200CA6DB0 /* Frameworks */,
				F3F17F5E17BD50F200CA6DB0 /* Resources */,
			);
			buildRules = (
			);
			dependencies = (
			);
			name = aug15;
			productName = aug15;
			productReference = F3F17F6017BD50F200CA6DB0 /* aug15.app */;
			productType = "com.apple.product-type.application";
		};
/* End PBXNativeTarget section */

/* Begin PBXProject section */
		F3F17F5817BD50F200CA6DB0 /* Project object */ = {
			isa = PBXProject;
			attributes = {
				CLASSPREFIX = aug15;
				LastUpgradeCheck = 0460;
				ORGANIZATIONNAME = edu.nyu.spcs;
			};
			buildConfigurationList = F3F17F5B17BD50F200CA6DB0 /* Build configuration list for PBXProject "aug15" */;
			compatibilityVersion = "Xcode 3.2";
			developmentRegion = English;
			hasScannedForEncodings = 0;
			knownRegions = (
				en,
			);
			mainGroup = F3F17F5717BD50F200CA6DB0;
			productRefGroup = F3F17F6117BD50F200CA6DB0 /* Products */;
			projectDirPath = "";
			projectRoot = "";
			targets = (
				F3F17F5F17BD50F200CA6DB0 /* aug15 */,
			);
		};
/* End PBXProject section */

/* Begin PBXResourcesBuildPhase section */
		F3F17F5E17BD50F200CA6DB0 /* Resources */ = {
			isa = PBXResourcesBuildPhase;
			buildActionMask = 2147483647;
			files = (
				F3F17F6E17BD50F200CA6DB0 /* InfoPlist.strings in Resources */,
				F3F17F7617BD50F200CA6DB0 /* Default.png in Resources */,
				F3F17F7817BD50F200CA6DB0 /* Default@2x.png in Resources */,
				F3F17F7A17BD50F200CA6DB0 /* Default-568h@2x.png in Resources */,
				F3F17F8917BD512100CA6DB0 /* Philadelphia 76ers.png in Resources */,
				F3F17F8A17BD512100CA6DB0 /* Broooklyn Nets.png in Resources */,
				F3F17F8B17BD512100CA6DB0 /* Boston Celtics.png in Resources */,
				F3F17F8C17BD512100CA6DB0 /* New York Knicks.png in Resources */,
				F3F17F8E17BD512100CA6DB0 /* Toronto Raptors.png in Resources */,
				F3F17F9917BD5FB200CA6DB0 /* icon.png in Resources */,
			);
			runOnlyForDeploymentPostprocessing = 0;
		};
/* End PBXResourcesBuildPhase section */

/* Begin PBXSourcesBuildPhase section */
		F3F17F5C17BD50F200CA6DB0 /* Sources */ = {
			isa = PBXSourcesBuildPhase;
			buildActionMask = 2147483647;
			files = (
				F3F17F7017BD50F200CA6DB0 /* main.m in Sources */,
				F3F17F7417BD50F200CA6DB0 /* aug15AppDelegate.m in Sources */,
				F3F17F8D17BD512100CA6DB0 /* Model.m in Sources */,
				F3F17F8F17BD512100CA6DB0 /* TableViewController.m in Sources */,
			);
			runOnlyForDeploymentPostprocessing = 0;
		};
/* End PBXSourcesBuildPhase section */

/* Begin PBXVariantGroup section */
		F3F17F6C17BD50F200CA6DB0 /* InfoPlist.strings */ = {
			isa = PBXVariantGroup;
			children = (
				F3F17F6D17BD50F200CA6DB0 /* en */,
			);
			name = InfoPlist.strings;
			sourceTree = "<group>";
		};
/* End PBXVariantGroup section */

/* Begin XCBuildConfiguration section */
		F3F17F7B17BD50F200CA6DB0 /* Debug */ = {
			isa = XCBuildConfiguration;
			buildSettings = {
				ALWAYS_SEARCH_USER_PATHS = NO;
				CLANG_CXX_LANGUAGE_STANDARD = "gnu++0x";
				CLANG_CXX_LIBRARY = "libc++";
				CLANG_ENABLE_OBJC_ARC = YES;
				CLANG_WARN_CONSTANT_CONVERSION = YES;
				CLANG_WARN_EMPTY_BODY = YES;
				CLANG_WARN_ENUM_CONVERSION = YES;
				CLANG_WARN_INT_CONVERSION = YES;
				CLANG_WARN__DUPLICATE_METHOD_MATCH = YES;
				"CODE_SIGN_IDENTITY[sdk=iphoneos*]" = "iPhone Developer";
				COPY_PHASE_STRIP = NO;
				GCC_C_LANGUAGE_STANDARD = gnu99;
				GCC_DYNAMIC_NO_PIC = NO;
				GCC_OPTIMIZATION_LEVEL = 0;
				GCC_PREPROCESSOR_DEFINITIONS = (
					"DEBUG=1",
					"$(inherited)",
				);
				GCC_SYMBOLS_PRIVATE_EXTERN = NO;
				GCC_WARN_ABOUT_RETURN_TYPE = YES;
				GCC_WARN_UNINITIALIZED_AUTOS = YES;
				GCC_WARN_UNUSED_VARIABLE = YES;
				IPHONEOS_DEPLOYMENT_TARGET = 6.1;
				ONLY_ACTIVE_ARCH = YES;
				SDKROOT = iphoneos;
			};
			name = Debug;
		};
		F3F17F7C17BD50F200CA6DB0 /* Release */ = {
			isa = XCBuildConfiguration;
			buildSettings = {
				ALWAYS_SEARCH_USER_PATHS = NO;
				CLANG_CXX_LANGUAGE_STANDARD = "gnu++0x";
				CLANG_CXX_LIBRARY = "libc++";
				CLANG_ENABLE_OBJC_ARC = YES;
				CLANG_WARN_CONSTANT_CONVERSION = YES;
				CLANG_WARN_EMPTY_BODY = YES;
				CLANG_WARN_ENUM_CONVERSION = YES;
				CLANG_WARN_INT_CONVERSION = YES;
				CLANG_WARN__DUPLICATE_METHOD_MATCH = YES;
				"CODE_SIGN_IDENTITY[sdk=iphoneos*]" = "iPhone Developer";
				COPY_PHASE_STRIP = YES;
				GCC_C_LANGUAGE_STANDARD = gnu99;
				GCC_WARN_ABOUT_RETURN_TYPE = YES;
				GCC_WARN_UNINITIALIZED_AUTOS = YES;
				GCC_WARN_UNUSED_VARIABLE = YES;
				IPHONEOS_DEPLOYMENT_TARGET = 6.1;
				OTHER_CFLAGS = "-DNS_BLOCK_ASSERTIONS=1";
				SDKROOT = iphoneos;
				VALIDATE_PRODUCT = YES;
			};
			name = Release;
		};
		F3F17F7E17BD50F200CA6DB0 /* Debug */ = {
			isa = XCBuildConfiguration;
			buildSettings = {
				GCC_PRECOMPILE_PREFIX_HEADER = YES;
				GCC_PREFIX_HEADER = "aug15/aug15-Prefix.pch";
				INFOPLIST_FILE = "aug15/aug15-Info.plist";
				PRODUCT_NAME = "$(TARGET_NAME)";
				WRAPPER_EXTENSION = app;
			};
			name = Debug;
		};
		F3F17F7F17BD50F200CA6DB0 /* Release */ = {
			isa = XCBuildConfiguration;
			buildSettings = {
				GCC_PRECOMPILE_PREFIX_HEADER = YES;
				GCC_PREFIX_HEADER = "aug15/aug15-Prefix.pch";
				INFOPLIST_FILE = "aug15/aug15-Info.plist";
				PRODUCT_NAME = "$(TARGET_NAME)";
				WRAPPER_EXTENSION = app;
			};
			name = Release;
		};
/* End XCBuildConfiguration section */

/* Begin XCConfigurationList section */
		F3F17F5B17BD50F200CA6DB0 /* Build configuration list for PBXProject "aug15" */ = {
			isa = XCConfigurationList;
			buildConfigurations = (
				F3F17F7B17BD50F200CA6DB0 /* Debug */,
				F3F17F7C17BD50F200CA6DB0 /* Release */,
			);
			defaultConfigurationIsVisible = 0;
			defaultConfigurationName = Release;
		};
		F3F17F7D17BD50F200CA6DB0 /* Build configuration list for PBXNativeTarget "aug15" */ = {
			isa = XCConfigurationList;
			buildConfigurations = (
				F3F17F7E17BD50F200CA6DB0 /* Debug */,
				F3F17F7F17BD50F200CA6DB0 /* Release */,
			);
			defaultConfigurationIsVisible = 0;
		};
/* End XCConfigurationList section */
	};
	rootObject = F3F17F5817BD50F200CA6DB0 /* Project object */;
}
